// !$*UTF8*$!
{
	archiveVersion = 1;
	classes = {
	};
	objectVersion = 50;
	objects = {

/* Begin PBXBuildFile section */
		DA0FE3E325F58ECF00748FCE /* AppDelegate.swift in Sources */ = {isa = PBXBuildFile; fileRef = DA0FE3E225F58ECF00748FCE /* AppDelegate.swift */; };
		DA0FE3E525F58ECF00748FCE /* SceneDelegate.swift in Sources */ = {isa = PBXBuildFile; fileRef = DA0FE3E425F58ECF00748FCE /* SceneDelegate.swift */; };
		DA0FE3E725F58ECF00748FCE /* Homepage.swift in Sources */ = {isa = PBXBuildFile; fileRef = DA0FE3E625F58ECF00748FCE /* Homepage.swift */; };
		DA0FE3EA25F58ECF00748FCE /* Happy_Car.xcdatamodeld in Sources */ = {isa = PBXBuildFile; fileRef = DA0FE3E825F58ECF00748FCE /* Happy_Car.xcdatamodeld */; };
		DA0FE3EC25F58ED000748FCE /* Assets.xcassets in Resources */ = {isa = PBXBuildFile; fileRef = DA0FE3EB25F58ED000748FCE /* Assets.xcassets */; };
		DA0FE3EF25F58ED000748FCE /* Preview Assets.xcassets in Resources */ = {isa = PBXBuildFile; fileRef = DA0FE3EE25F58ED000748FCE /* Preview Assets.xcassets */; };
		DA0FE3F225F58ED000748FCE /* LaunchScreen.storyboard in Resources */ = {isa = PBXBuildFile; fileRef = DA0FE3F025F58ED000748FCE /* LaunchScreen.storyboard */; };
		DA92ABED25FF23E70042F6B4 /* VehicleView.swift in Sources */ = {isa = PBXBuildFile; fileRef = DA92ABEC25FF23E70042F6B4 /* VehicleView.swift */; };
		DAAED33125FD3B140059B0BF /* Document+CoreDataClass.swift in Sources */ = {isa = PBXBuildFile; fileRef = DAAED32D25FD3B140059B0BF /* Document+CoreDataClass.swift */; };
		DAAED33225FD3B140059B0BF /* Document+CoreDataProperties.swift in Sources */ = {isa = PBXBuildFile; fileRef = DAAED32E25FD3B140059B0BF /* Document+CoreDataProperties.swift */; };
		DAAED33325FD3B140059B0BF /* Vehicle+CoreDataClass.swift in Sources */ = {isa = PBXBuildFile; fileRef = DAAED32F25FD3B140059B0BF /* Vehicle+CoreDataClass.swift */; };
		DAAED33425FD3B140059B0BF /* Vehicle+CoreDataProperties.swift in Sources */ = {isa = PBXBuildFile; fileRef = DAAED33025FD3B140059B0BF /* Vehicle+CoreDataProperties.swift */; };
/* End PBXBuildFile section */

/* Begin PBXFileReference section */
		DA0FE3DF25F58ECF00748FCE /* Happy Car.app */ = {isa = PBXFileReference; explicitFileType = wrapper.application; includeInIndex = 0; path = "Happy Car.app"; sourceTree = BUILT_PRODUCTS_DIR; };
		DA0FE3E225F58ECF00748FCE /* AppDelegate.swift */ = {isa = PBXFileReference; lastKnownFileType = sourcecode.swift; path = AppDelegate.swift; sourceTree = "<group>"; };
		DA0FE3E425F58ECF00748FCE /* SceneDelegate.swift */ = {isa = PBXFileReference; lastKnownFileType = sourcecode.swift; path = SceneDelegate.swift; sourceTree = "<group>"; };
		DA0FE3E625F58ECF00748FCE /* Homepage.swift */ = {isa = PBXFileReference; lastKnownFileType = sourcecode.swift; path = Homepage.swift; sourceTree = "<group>"; };
		DA0FE3E925F58ECF00748FCE /* Happy_Car.xcdatamodel */ = {isa = PBXFileReference; lastKnownFileType = wrapper.xcdatamodel; path = Happy_Car.xcdatamodel; sourceTree = "<group>"; };
		DA0FE3EB25F58ED000748FCE /* Assets.xcassets */ = {isa = PBXFileReference; lastKnownFileType = folder.assetcatalog; path = Assets.xcassets; sourceTree = "<group>"; };
		DA0FE3EE25F58ED000748FCE /* Preview Assets.xcassets */ = {isa = PBXFileReference; lastKnownFileType = folder.assetcatalog; path = "Preview Assets.xcassets"; sourceTree = "<group>"; };
		DA0FE3F125F58ED000748FCE /* Base */ = {isa = PBXFileReference; lastKnownFileType = file.storyboard; name = Base; path = Base.lproj/LaunchScreen.storyboard; sourceTree = "<group>"; };
		DA0FE3F325F58ED000748FCE /* Info.plist */ = {isa = PBXFileReference; lastKnownFileType = text.plist.xml; path = Info.plist; sourceTree = "<group>"; };
		DA92ABEC25FF23E70042F6B4 /* VehicleView.swift */ = {isa = PBXFileReference; lastKnownFileType = sourcecode.swift; path = VehicleView.swift; sourceTree = "<group>"; };
		DAAED32D25FD3B140059B0BF /* Document+CoreDataClass.swift */ = {isa = PBXFileReference; lastKnownFileType = sourcecode.swift; path = "Document+CoreDataClass.swift"; sourceTree = SOURCE_ROOT; };
		DAAED32E25FD3B140059B0BF /* Document+CoreDataProperties.swift */ = {isa = PBXFileReference; lastKnownFileType = sourcecode.swift; path = "Document+CoreDataProperties.swift"; sourceTree = SOURCE_ROOT; };
		DAAED32F25FD3B140059B0BF /* Vehicle+CoreDataClass.swift */ = {isa = PBXFileReference; lastKnownFileType = sourcecode.swift; path = "Vehicle+CoreDataClass.swift"; sourceTree = SOURCE_ROOT; };
		DAAED33025FD3B140059B0BF /* Vehicle+CoreDataProperties.swift */ = {isa = PBXFileReference; lastKnownFileType = sourcecode.swift; path = "Vehicle+CoreDataProperties.swift"; sourceTree = SOURCE_ROOT; };
/* End PBXFileReference section */

/* Begin PBXFrameworksBuildPhase section */
		DA0FE3DC25F58ECF00748FCE /* Frameworks */ = {
			isa = PBXFrameworksBuildPhase;
			buildActionMask = 2147483647;
			files = (
			);
			runOnlyForDeploymentPostprocessing = 0;
		};
/* End PBXFrameworksBuildPhase section */

/* Begin PBXGroup section */
		DA0FE3D625F58ECF00748FCE = {
			isa = PBXGroup;
			children = (
				DA0FE3E125F58ECF00748FCE /* Happy Car */,
				DA0FE3E025F58ECF00748FCE /* Products */,
			);
			sourceTree = "<group>";
		};
		DA0FE3E025F58ECF00748FCE /* Products */ = {
			isa = PBXGroup;
			children = (
				DA0FE3DF25F58ECF00748FCE /* Happy Car.app */,
			);
			name = Products;
			sourceTree = "<group>";
		};
		DA0FE3E125F58ECF00748FCE /* Happy Car */ = {
			isa = PBXGroup;
			children = (
				DAAED32D25FD3B140059B0BF /* Document+CoreDataClass.swift */,
				DAAED32E25FD3B140059B0BF /* Document+CoreDataProperties.swift */,
				DAAED32F25FD3B140059B0BF /* Vehicle+CoreDataClass.swift */,
				DAAED33025FD3B140059B0BF /* Vehicle+CoreDataProperties.swift */,
				DA0FE3E225F58ECF00748FCE /* AppDelegate.swift */,
				DA0FE3E425F58ECF00748FCE /* SceneDelegate.swift */,
				DA0FE3E625F58ECF00748FCE /* Homepage.swift */,
				DA92ABEC25FF23E70042F6B4 /* VehicleView.swift */,
				DA0FE3EB25F58ED000748FCE /* Assets.xcassets */,
				DA0FE3F025F58ED000748FCE /* LaunchScreen.storyboard */,
				DA0FE3F325F58ED000748FCE /* Info.plist */,
				DA0FE3E825F58ECF00748FCE /* Happy_Car.xcdatamodeld */,
				DA0FE3ED25F58ED000748FCE /* Preview Content */,
			);
			path = "Happy Car";
			sourceTree = "<group>";
		};
		DA0FE3ED25F58ED000748FCE /* Preview Content */ = {
			isa = PBXGroup;
			children = (
				DA0FE3EE25F58ED000748FCE /* Preview Assets.xcassets */,
			);
			path = "Preview Content";
			sourceTree = "<group>";
		};
/* End PBXGroup section */

/* Begin PBXNativeTarget section */
		DA0FE3DE25F58ECF00748FCE /* Happy Car */ = {
			isa = PBXNativeTarget;
			buildConfigurationList = DA0FE3F625F58ED000748FCE /* Build configuration list for PBXNativeTarget "Happy Car" */;
			buildPhases = (
				DA0FE3DB25F58ECF00748FCE /* Sources */,
				DA0FE3DC25F58ECF00748FCE /* Frameworks */,
				DA0FE3DD25F58ECF00748FCE /* Resources */,
			);
			buildRules = (
			);
			dependencies = (
			);
			name = "Happy Car";
			productName = "Happy Car";
			productReference = DA0FE3DF25F58ECF00748FCE /* Happy Car.app */;
			productType = "com.apple.product-type.application";
		};
/* End PBXNativeTarget section */

/* Begin PBXProject section */
		DA0FE3D725F58ECF00748FCE /* Project object */ = {
			isa = PBXProject;
			attributes = {
				LastSwiftUpdateCheck = 1240;
				LastUpgradeCheck = 1240;
				TargetAttributes = {
					DA0FE3DE25F58ECF00748FCE = {
						CreatedOnToolsVersion = 12.4;
					};
				};
			};
			buildConfigurationList = DA0FE3DA25F58ECF00748FCE /* Build configuration list for PBXProject "Happy Car" */;
			compatibilityVersion = "Xcode 9.3";
			developmentRegion = en;
			hasScannedForEncodings = 0;
			knownRegions = (
				en,
				Base,
			);
			mainGroup = DA0FE3D625F58ECF00748FCE;
			productRefGroup = DA0FE3E025F58ECF00748FCE /* Products */;
			projectDirPath = "";
			projectRoot = "";
			targets = (
				DA0FE3DE25F58ECF00748FCE /* Happy Car */,
			);
		};
/* End PBXProject section */

/* Begin PBXResourcesBuildPhase section */
		DA0FE3DD25F58ECF00748FCE /* Resources */ = {
			isa = PBXResourcesBuildPhase;
			buildActionMask = 2147483647;
			files = (
				DA0FE3F225F58ED000748FCE /* LaunchScreen.storyboard in Resources */,
				DA0FE3EF25F58ED000748FCE /* Preview Assets.xcassets in Resources */,
				DA0FE3EC25F58ED000748FCE /* Assets.xcassets in Resources */,
			);
			runOnlyForDeploymentPostprocessing = 0;
		};
/* End PBXResourcesBuildPhase section */

/* Begin PBXSourcesBuildPhase section */
		DA0FE3DB25F58ECF00748FCE /* Sources */ = {
			isa = PBXSourcesBuildPhase;
			buildActionMask = 2147483647;
			files = (
				DAAED33225FD3B140059B0BF /* Document+CoreDataProperties.swift in Sources */,
				DA92ABED25FF23E70042F6B4 /* VehicleView.swift in Sources */,
				DAAED33325FD3B140059B0BF /* Vehicle+CoreDataClass.swift in Sources */,
				DA0FE3E325F58ECF00748FCE /* AppDelegate.swift in Sources */,
				DA0FE3EA25F58ECF00748FCE /* Happy_Car.xcdatamodeld in Sources */,
				DAAED33425FD3B140059B0BF /* Vehicle+CoreDataProperties.swift in Sources */,
				DA0FE3E525F58ECF00748FCE /* SceneDelegate.swift in Sources */,
				DAAED33125FD3B140059B0BF /* Document+CoreDataClass.swift in Sources */,
				DA0FE3E725F58ECF00748FCE /* Homepage.swift in Sources */,
			);
			runOnlyForDeploymentPostprocessing = 0;
		};
/* End PBXSourcesBuildPhase section */

/* Begin PBXVariantGroup section */
		DA0FE3F025F58ED000748FCE /* LaunchScreen.storyboard */ = {
			isa = PBXVariantGroup;
			children = (
				DA0FE3F125F58ED000748FCE /* Base */,
			);
			name = LaunchScreen.storyboard;
			sourceTree = "<group>";
		};
/* End PBXVariantGroup section */

/* Begin XCBuildConfiguration section */
		DA0FE3F425F58ED000748FCE /* Debug */ = {
			isa = XCBuildConfiguration;
			buildSettings = {
				ALWAYS_SEARCH_USER_PATHS = NO;
				CLANG_ANALYZER_NONNULL = YES;
				CLANG_ANALYZER_NUMBER_OBJECT_CONVERSION = YES_AGGRESSIVE;
				CLANG_CXX_LANGUAGE_STANDARD = "gnu++14";
				CLANG_CXX_LIBRARY = "libc++";
				CLANG_ENABLE_MODULES = YES;
				CLANG_ENABLE_OBJC_ARC = YES;
				CLANG_ENABLE_OBJC_WEAK = YES;
				CLANG_WARN_BLOCK_CAPTURE_AUTORELEASING = YES;
				CLANG_WARN_BOOL_CONVERSION = YES;
				CLANG_WARN_COMMA = YES;
				CLANG_WARN_CONSTANT_CONVERSION = YES;
				CLANG_WARN_DEPRECATED_OBJC_IMPLEMENTATIONS = YES;
				CLANG_WARN_DIRECT_OBJC_ISA_USAGE = YES_ERROR;
				CLANG_WARN_DOCUMENTATION_COMMENTS = YES;
				CLANG_WARN_EMPTY_BODY = YES;
				CLANG_WARN_ENUM_CONVERSION = YES;
				CLANG_WARN_INFINITE_RECURSION = YES;
				CLANG_WARN_INT_CONVERSION = YES;
				CLANG_WARN_NON_LITERAL_NULL_CONVERSION = YES;
				CLANG_WARN_OBJC_IMPLICIT_RETAIN_SELF = YES;
				CLANG_WARN_OBJC_LITERAL_CONVERSION = YES;
				CLANG_WARN_OBJC_ROOT_CLASS = YES_ERROR;
				CLANG_WARN_QUOTED_INCLUDE_IN_FRAMEWORK_HEADER = YES;
				CLANG_WARN_RANGE_LOOP_ANALYSIS = YES;
				CLANG_WARN_STRICT_PROTOTYPES = YES;
				CLANG_WARN_SUSPICIOUS_MOVE = YES;
				CLANG_WARN_UNGUARDED_AVAILABILITY = YES_AGGRESSIVE;
				CLANG_WARN_UNREACHABLE_CODE = YES;
				CLANG_WARN__DUPLICATE_METHOD_MATCH = YES;
				COPY_PHASE_STRIP = NO;
				DEBUG_INFORMATION_FORMAT = dwarf;
				ENABLE_STRICT_OBJC_MSGSEND = YES;
				ENABLE_TESTABILITY = YES;
				GCC_C_LANGUAGE_STANDARD = gnu11;
				GCC_DYNAMIC_NO_PIC = NO;
				GCC_NO_COMMON_BLOCKS = YES;
				GCC_OPTIMIZATION_LEVEL = 0;
				GCC_PREPROCESSOR_DEFINITIONS = (
					"DEBUG=1",
					"$(inherited)",
				);
				GCC_WARN_64_TO_32_BIT_CONVERSION = YES;
				GCC_WARN_ABOUT_RETURN_TYPE = YES_ERROR;
				GCC_WARN_UNDECLARED_SELECTOR = YES;
				GCC_WARN_UNINITIALIZED_AUTOS = YES_AGGRESSIVE;
				GCC_WARN_UNUSED_FUNCTION = YES;
				GCC_WARN_UNUSED_VARIABLE = YES;
				IPHONEOS_DEPLOYMENT_TARGET = 14.4;
				MTL_ENABLE_DEBUG_INFO = INCLUDE_SOURCE;
				MTL_FAST_MATH = YES;
				ONLY_ACTIVE_ARCH = YES;
				SDKROOT = iphoneos;
				SWIFT_ACTIVE_COMPILATION_CONDITIONS = DEBUG;
				SWIFT_OPTIMIZATION_LEVEL = "-Onone";
			};
			name = Debug;
		};
		DA0FE3F525F58ED000748FCE /* Release */ = {
			isa = XCBuildConfiguration;
			buildSettings = {
				ALWAYS_SEARCH_USER_PATHS = NO;
				CLANG_ANALYZER_NONNULL = YES;
				CLANG_ANALYZER_NUMBER_OBJECT_CONVERSION = YES_AGGRESSIVE;
				CLANG_CXX_LANGUAGE_STANDARD = "gnu++14";
				CLANG_CXX_LIBRARY = "libc++";
				CLANG_ENABLE_MODULES = YES;
				CLANG_ENABLE_OBJC_ARC = YES;
				CLANG_ENABLE_OBJC_WEAK = YES;
				CLANG_WARN_BLOCK_CAPTURE_AUTORELEASING = YES;
				CLANG_WARN_BOOL_CONVERSION = YES;
				CLANG_WARN_COMMA = YES;
				CLANG_WARN_CONSTANT_CONVERSION = YES;
				CLANG_WARN_DEPRECATED_OBJC_IMPLEMENTATIONS = YES;
				CLANG_WARN_DIRECT_OBJC_ISA_USAGE = YES_ERROR;
				CLANG_WARN_DOCUMENTATION_COMMENTS = YES;
				CLANG_WARN_EMPTY_BODY = YES;
				CLANG_WARN_ENUM_CONVERSION = YES;
				CLANG_WARN_INFINITE_RECURSION = YES;
				CLANG_WARN_INT_CONVERSION = YES;
				CLANG_WARN_NON_LITERAL_NULL_CONVERSION = YES;
				CLANG_WARN_OBJC_IMPLICIT_RETAIN_SELF = YES;
				CLANG_WARN_OBJC_LITERAL_CONVERSION = YES;
				CLANG_WARN_OBJC_ROOT_CLASS = YES_ERROR;
				CLANG_WARN_QUOTED_INCLUDE_IN_FRAMEWORK_HEADER = YES;
				CLANG_WARN_RANGE_LOOP_ANALYSIS = YES;
				CLANG_WARN_STRICT_PROTOTYPES = YES;
				CLANG_WARN_SUSPICIOUS_MOVE = YES;
				CLANG_WARN_UNGUARDED_AVAILABILITY = YES_AGGRESSIVE;
				CLANG_WARN_UNREACHABLE_CODE = YES;
				CLANG_WARN__DUPLICATE_METHOD_MATCH = YES;
				COPY_PHASE_STRIP = NO;
				DEBUG_INFORMATION_FORMAT = "dwarf-with-dsym";
				ENABLE_NS_ASSERTIONS = NO;
				ENABLE_STRICT_OBJC_MSGSEND = YES;
				GCC_C_LANGUAGE_STANDARD = gnu11;
				GCC_NO_COMMON_BLOCKS = YES;
				GCC_WARN_64_TO_32_BIT_CONVERSION = YES;
				GCC_WARN_ABOUT_RETURN_TYPE = YES_ERROR;
				GCC_WARN_UNDECLARED_SELECTOR = YES;
				GCC_WARN_UNINITIALIZED_AUTOS = YES_AGGRESSIVE;
				GCC_WARN_UNUSED_FUNCTION = YES;
				GCC_WARN_UNUSED_VARIABLE = YES;
				IPHONEOS_DEPLOYMENT_TARGET = 14.4;
				MTL_ENABLE_DEBUG_INFO = NO;
				MTL_FAST_MATH = YES;
				SDKROOT = iphoneos;
				SWIFT_COMPILATION_MODE = wholemodule;
				SWIFT_OPTIMIZATION_LEVEL = "-O";
				VALIDATE_PRODUCT = YES;
			};
			name = Release;
		};
		DA0FE3F725F58ED000748FCE /* Debug */ = {
			isa = XCBuildConfiguration;
			buildSettings = {
				ASSETCATALOG_COMPILER_APPICON_NAME = AppIcon;
				ASSETCATALOG_COMPILER_GLOBAL_ACCENT_COLOR_NAME = AccentColor;
				CODE_SIGN_STYLE = Automatic;
				DEVELOPMENT_ASSET_PATHS = "\"Happy Car/Preview Content\"";
				DEVELOPMENT_TEAM = HFN7HCJ656;
				ENABLE_PREVIEWS = YES;
				INFOPLIST_FILE = "Happy Car/Info.plist";
				LD_RUNPATH_SEARCH_PATHS = (
					"$(inherited)",
					"@executable_path/Frameworks",
				);
				PRODUCT_BUNDLE_IDENTIFIER = "ethanholen.Happy-Car";
				PRODUCT_NAME = "$(TARGET_NAME)";
				SWIFT_VERSION = 5.0;
				TARGETED_DEVICE_FAMILY = "1,2";
			};
			name = Debug;
		};
		DA0FE3F825F58ED000748FCE /* Release */ = {
			isa = XCBuildConfiguration;
			buildSettings = {
				ASSETCATALOG_COMPILER_APPICON_NAME = AppIcon;
				ASSETCATALOG_COMPILER_GLOBAL_ACCENT_COLOR_NAME = AccentColor;
				CODE_SIGN_STYLE = Automatic;
				DEVELOPMENT_ASSET_PATHS = "\"Happy Car/Preview Content\"";
				DEVELOPMENT_TEAM = HFN7HCJ656;
				ENABLE_PREVIEWS = YES;
				INFOPLIST_FILE = "Happy Car/Info.plist";
				LD_RUNPATH_SEARCH_PATHS = (
					"$(inherited)",
					"@executable_path/Frameworks",
				);
				PRODUCT_BUNDLE_IDENTIFIER = "ethanholen.Happy-Car";
				PRODUCT_NAME = "$(TARGET_NAME)";
				SWIFT_VERSION = 5.0;
				TARGETED_DEVICE_FAMILY = "1,2";
			};
			name = Release;
		};
/* End XCBuildConfiguration section */

/* Begin XCConfigurationList section */
		DA0FE3DA25F58ECF00748FCE /* Build configuration list for PBXProject "Happy Car" */ = {
			isa = XCConfigurationList;
			buildConfigurations = (
				DA0FE3F425F58ED000748FCE /* Debug */,
				DA0FE3F525F58ED000748FCE /* Release */,
			);
			defaultConfigurationIsVisible = 0;
			defaultConfigurationName = Release;
		};
		DA0FE3F625F58ED000748FCE /* Build configuration list for PBXNativeTarget "Happy Car" */ = {
			isa = XCConfigurationList;
			buildConfigurations = (
				DA0FE3F725F58ED000748FCE /* Debug */,
				DA0FE3F825F58ED000748FCE /* Release */,
			);
			defaultConfigurationIsVisible = 0;
			defaultConfigurationName = Release;
		};
/* End XCConfigurationList section */

/* Begin XCVersionGroup section */
		DA0FE3E825F58ECF00748FCE /* Happy_Car.xcdatamodeld */ = {
			isa = XCVersionGroup;
			children = (
				DA0FE3E925F58ECF00748FCE /* Happy_Car.xcdatamodel */,
			);
			currentVersion = DA0FE3E925F58ECF00748FCE /* Happy_Car.xcdatamodel */;
			path = Happy_Car.xcdatamodeld;
			sourceTree = "<group>";
			versionGroupType = wrapper.xcdatamodel;
		};
/* End XCVersionGroup section */
	};
	rootObject = DA0FE3D725F58ECF00748FCE /* Project object */;
}
